lockfileVersion: '9.0'

settings:
  autoInstallPeers: true
  excludeLinksFromLockfile: false

importers:

  .:
    devDependencies:
      '@biomejs/biome':
        specifier: ^1.2.2
        version: 1.2.2
      '@types/node':
        specifier: ^20.6.4
        version: 20.6.4
      typescript:
        specifier: ^5.0.2
        version: 5.4.2

packages:

  '@biomejs/biome@1.2.2':
    resolution: {integrity: sha512-fXwXi56ZdaKO/N3rTmhWw41UxstoviODk+wia4WWNSlm23r8xJ/NxjaZ88scV2IsmsFHqc8rmwb2dkrStAdIEw==}
    engines: {node: '>=14.*'}
    hasBin: true

  '@biomejs/cli-darwin-arm64@1.2.2':
    resolution: {integrity: sha512-Fx1IURKhoqH6wPawtKLT6wcfMSjRRcNK8+VWau0iDOjXvNtjJpSmICbU89B7Vt/gZRwPqkfDMBkFwm6V5vFTSQ==}
    engines: {node: '>=14.*'}
    cpu: [arm64]
    os: [darwin]

  '@biomejs/cli-darwin-x64@1.2.2':
    resolution: {integrity: sha512-JNaAFOI/ZisnmzvcFNd73geJxaFaN2L4YsWM6cgBeKyLY/ycl9C/PBTFfEmeB1c7f5XIIal8P2cj47kLJpN5Ig==}
    engines: {node: '>=14.*'}
    cpu: [x64]
    os: [darwin]

  '@biomejs/cli-linux-arm64@1.2.2':
    resolution: {integrity: sha512-JHXRnfhOLx8UO/Fcyn2c5pFRri0XKqRZm2wf5oH5GSfLVpckDw2X15dYGbu3nmfM/3pcAaTV46pUpjrCnaAieg==}
    engines: {node: '>=14.*'}
    cpu: [arm64]
    os: [linux]

  '@biomejs/cli-linux-x64@1.2.2':
    resolution: {integrity: sha512-5Zr+iM7lUKsw81p9PkXRESuH2/AhRZ6RCWkgE+FSLcxMhXy/4RDR+o2YQDsJM6cWKIzOJM05vDHTGrDq7vXE4A==}
    engines: {node: '>=14.*'}
    cpu: [x64]
    os: [linux]

  '@biomejs/cli-win32-arm64@1.2.2':
    resolution: {integrity: sha512-HvUcG2p++RvYP0zfOqh+DgiUUH+JI/uETr0kzWlOJ9F3lsG525pkywg4RSd4OvJd7Wpd3wt3UpN/A4IEJaVmbA==}
    engines: {node: '>=14.*'}
    cpu: [arm64]
    os: [win32]

  '@biomejs/cli-win32-x64@1.2.2':
    resolution: {integrity: sha512-bfaFJwqJ9ApFga2o88OaROSd3pasYRzRGXHJWAE9VUUKdSNSTYxHOqVrNvV54yYPtL6Kt9xkuZa4HNu9it3TaA==}
    engines: {node: '>=14.*'}
    cpu: [x64]
    os: [win32]

  '@types/node@20.6.4':
    resolution: {integrity: sha512-nU6d9MPY0NBUMiE/nXd2IIoC4OLvsLpwAjheoAeuzgvDZA1Cb10QYg+91AF6zQiKWRN5i1m07x6sMe0niBznoQ==}

  typescript@5.4.2:
    resolution: {integrity: sha512-+2/g0Fds1ERlP6JsakQQDXjZdZMM+rqpamFZJEKh4kwTIn3iDkgKtby0CeNd5ATNZ4Ry1ax15TMx0W2V+miizQ==}
    engines: {node: '>=14.17'}
    hasBin: true

snapshots:

  '@biomejs/biome@1.2.2':
    optionalDependencies:
      '@biomejs/cli-darwin-arm64': 1.2.2
      '@biomejs/cli-darwin-x64': 1.2.2
      '@biomejs/cli-linux-arm64': 1.2.2
      '@biomejs/cli-linux-x64': 1.2.2
      '@biomejs/cli-win32-arm64': 1.2.2
      '@biomejs/cli-win32-x64': 1.2.2

  '@biomejs/cli-darwin-arm64@1.2.2':
    optional: true

  '@biomejs/cli-darwin-x64@1.2.2':
    optional: true

  '@biomejs/cli-linux-arm64@1.2.2':
    optional: true

  '@biomejs/cli-linux-x64@1.2.2':
    optional: true

  '@biomejs/cli-win32-arm64@1.2.2':
    optional: true

  '@biomejs/cli-win32-x64@1.2.2':
    optional: true

  '@types/node@20.6.4': {}

  typescript@5.4.2: {}
